
Microsoft Visual Studio Solution File, Format Version 12.00
# Visual Studio Version 17
VisualStudioVersion = 17.9.34622.214
MinimumVisualStudioVersion = 10.0.40219.1
Project("{FAE04EC0-301F-11D3-BF4B-00C04F79EFBC}") = "0 day", "0 day\0 day.csproj", "{C1F42047-5D4E-4E14-BC4F-41C5C90F5D64}"
EndProject
Global
	GlobalSection(SolutionConfigurationPlatforms) = preSolution
		Debug|Any CPU = Debug|Any CPU
		Release|Any CPU = Release|Any CPU
	EndGlobalSection
	GlobalSection(ProjectConfigurationPlatforms) = postSolution
		{C1F42047-5D4E-4E14-BC4F-41C5C90F5D64}.Debug|Any CPU.ActiveCfg = Debug|Any CPU
		{C1F42047-5D4E-4E14-BC4F-41C5C90F5D64}.Debug|Any CPU.Build.0 = Debug|Any CPU
		{C1F42047-5D4E-4E14-BC4F-41C5C90F5D64}.Release|Any CPU.ActiveCfg = Release|Any CPU
		{C1F42047-5D4E-4E14-BC4F-41C5C90F5D64}.Release|Any CPU.Build.0 = Release|Any CPU
	EndGlobalSection
	GlobalSection(SolutionProperties) = preSolution
		HideSolutionNode = FALSE
	EndGlobalSection
	GlobalSection(ExtensibilityGlobals) = postSolution
		SolutionGuid = {DFF4A676-9EFE-46A2-AD45-AEEDF0A2D6AA}
	EndGlobalSection
EndGlobal
